
Microsoft Visual Studio Solution File, Format Version 12.00
# Visual Studio Version 16
VisualStudioVersion = 16.0.30611.23
MinimumVisualStudioVersion = 10.0.40219.1
Project("{9A19103F-16F7-4668-BE54-9A1E7A4F7556}") = "WebTask", "WebTask\WebTask.csproj", "{D8995EB2-C35F-4CFD-9028-8A218C310186}"
EndProject
Global
	GlobalSection(SolutionConfigurationPlatforms) = preSolution
		Debug|Any CPU = Debug|Any CPU
		Release|Any CPU = Release|Any CPU
	EndGlobalSection
	GlobalSection(ProjectConfigurationPlatforms) = postSolution
		{D8995EB2-C35F-4CFD-9028-8A218C310186}.Debug|Any CPU.ActiveCfg = Debug|Any CPU
		{D8995EB2-C35F-4CFD-9028-8A218C310186}.Debug|Any CPU.Build.0 = Debug|Any CPU
		{D8995EB2-C35F-4CFD-9028-8A218C310186}.Release|Any CPU.ActiveCfg = Release|Any CPU
		{D8995EB2-C35F-4CFD-9028-8A218C310186}.Release|Any CPU.Build.0 = Release|Any CPU
	EndGlobalSection
	GlobalSection(SolutionProperties) = preSolution
		HideSolutionNode = FALSE
	EndGlobalSection
	GlobalSection(ExtensibilityGlobals) = postSolution
		SolutionGuid = {0B39E203-96A2-4AF4-9891-A3FEC6150D2D}
	EndGlobalSection
EndGlobal
